
Microsoft Visual Studio Solution File, Format Version 12.00
# Visual Studio 15
Project("{FAE04EC0-301F-11D3-BF4B-00C04F79EFBC}") = "Assembly-CSharp", "Assembly-CSharp.csproj", "{B7713DCE-0B64-2DFA-25E8-38D6239D0581}"
EndProject
Global
	GlobalSection(SolutionConfigurationPlatforms) = preSolution
		Debug|Any CPU = Debug|Any CPU
		Release|Any CPU = Release|Any CPU
	EndGlobalSection
	GlobalSection(ProjectConfigurationPlatforms) = postSolution
		{B7713DCE-0B64-2DFA-25E8-38D6239D0581}.Debug|Any CPU.ActiveCfg = Debug|Any CPU
		{B7713DCE-0B64-2DFA-25E8-38D6239D0581}.Debug|Any CPU.Build.0 = Debug|Any CPU
		{B7713DCE-0B64-2DFA-25E8-38D6239D0581}.Release|Any CPU.ActiveCfg = Release|Any CPU
		{B7713DCE-0B64-2DFA-25E8-38D6239D0581}.Release|Any CPU.Build.0 = Release|Any CPU
	EndGlobalSection
	GlobalSection(SolutionProperties) = preSolution
		HideSolutionNode = FALSE
	EndGlobalSection
EndGlobal
